dependencies:
- name: mariadb-operator-crds
  repository: https://helm.mariadb.com/mariadb-operator
  version: 26.6.0
- name: mariadb-operator
  repository: https://helm.mariadb.com/mariadb-operator
  version: 26.6.0
- name: eck-operator
  repository: https://helm.elastic.co
  version: 2.16.0
- name: traefik
  repository: https://traefik.github.io/charts
  version: 34.0.0
- name: metrics-server
  repository: https://kubernetes-sigs.github.io/metrics-server
  version: 3.14.0
- name: cluster-autoscaler
  repository: https://kubernetes.github.io/autoscaler
  version: 9.43.3
digest: sha256:4d8b3e5758d9d85cc2f935c6be67bf7f78236252c33d359011ba036cacbadc23
generated: "2026-09-06T19:49:48.612283709+03:00"
