dependencies:
- name: mariadb-operator-crds
  repository: https://helm.mariadb.com/mariadb-operator
  version: 26.3.0
- name: mariadb-operator
  repository: https://helm.mariadb.com/mariadb-operator
  version: 26.3.0
digest: sha256:7e3c4f8677580210e98549d24c3e90f3636625bfbf148f940cdf99430b6fbf95
generated: "2026-05-08T17:40:36.883783439+03:00"
